
Microsoft Visual Studio Solution File, Format Version 12.00
# Visual Studio 15
VisualStudioVersion = 15.0.27004.2006
MinimumVisualStudioVersion = 10.0.40219.1
Project("{FAE04EC0-301F-11D3-BF4B-00C04F79EFBC}") = "AngularSignalRChat", "AngularSignalRChat\AngularSignalRChat.csproj", "{EF4FD4D9-4F5D-4CCE-9225-BB170BA09D4E}"
EndProject
Global
	GlobalSection(SolutionConfigurationPlatforms) = preSolution
		Debug|Any CPU = Debug|Any CPU
		Release|Any CPU = Release|Any CPU
	EndGlobalSection
	GlobalSection(ProjectConfigurationPlatforms) = postSolution
		{EF4FD4D9-4F5D-4CCE-9225-BB170BA09D4E}.Debug|Any CPU.ActiveCfg = Debug|Any CPU
		{EF4FD4D9-4F5D-4CCE-9225-BB170BA09D4E}.Debug|Any CPU.Build.0 = Debug|Any CPU
		{EF4FD4D9-4F5D-4CCE-9225-BB170BA09D4E}.Release|Any CPU.ActiveCfg = Release|Any CPU
		{EF4FD4D9-4F5D-4CCE-9225-BB170BA09D4E}.Release|Any CPU.Build.0 = Release|Any CPU
	EndGlobalSection
	GlobalSection(SolutionProperties) = preSolution
		HideSolutionNode = FALSE
	EndGlobalSection
	GlobalSection(ExtensibilityGlobals) = postSolution
		SolutionGuid = {64749806-83A7-42FD-AE17-ACA1F22E698E}
	EndGlobalSection
EndGlobal
